<?xml version="1.0" encoding="utf-8"?>
<Project ToolsVersion="4.0" xmlns="http://schemas.microsoft.com/developer/msbuild/2003">
  <ItemGroup>
    <Filter Include="Core">
      <UniqueIdentifier>{AF48CD9A-1BAA-AAA8-A417-F15A1078E167}</UniqueIdentifier>
    </Filter>
    <Filter Include="Debug">
      <UniqueIdentifier>{ADB982F4-9948-0CBE-4267-20B92ED51C64}</UniqueIdentifier>
    </Filter>
    <Filter Include="Utils">
      <UniqueIdentifier>{97B0BEF5-833F-48BF-2C5E-5CBA18CC5865}</UniqueIdentifier>
    </Filter>
  </ItemGroup>
  <ItemGroup>
    <ClInclude Include="Core\Application.h">
      <Filter>Core</Filter>
    </ClInclude>
    <ClInclude Include="Core\Context.h">
      <Filter>Core</Filter>
    </ClInclude>
    <ClInclude Include="Core\Game.h">
      <Filter>Core</Filter>
    </ClInclude>
    <ClInclude Include="Core\GameRenderer.h">
      <Filter>Core</Filter>
    </ClInclude>
    <ClInclude Include="Debug\DriverInfo.h">
      <Filter>Debug</Filter>
    </ClInclude>
    <ClInclude Include="Debug\FrameInfo.h">
      <Filter>Debug</Filter>
    </ClInclude>
    <ClInclude Include="Debug\GameProfiler.h">
      <Filter>Debug</Filter>
    </ClInclude>
    <ClInclude Include="Utils\FPSCounter.h">
      <Filter>Utils</Filter>
    </ClInclude>
    <ClInclude Include="resource.h" />
  </ItemGroup>
  <ItemGroup>
    <ClCompile Include="Core\Application.cpp">
      <Filter>Core</Filter>
    </ClCompile>
    <ClCompile Include="Core\Context.cpp">
      <Filter>Core</Filter>
    </ClCompile>
    <ClCompile Include="Core\Game.cpp">
      <Filter>Core</Filter>
    </ClCompile>
    <ClCompile Include="Core\GameRenderer.cpp">
      <Filter>Core</Filter>
    </ClCompile>
    <ClCompile Include="Debug\DriverInfo.cpp">
      <Filter>Debug</Filter>
    </ClCompile>
    <ClCompile Include="Debug\FrameInfo.cpp">
      <Filter>Debug</Filter>
    </ClCompile>
    <ClCompile Include="Debug\GameProfiler.cpp">
      <Filter>Debug</Filter>
    </ClCompile>
    <ClCompile Include="Main.cpp">
      <Filter>src\OvGame</Filter>
    </ClCompile>
    <ClCompile Include="Utils\FPSCounter.cpp">
      <Filter>Utils</Filter>
    </ClCompile>
  </ItemGroup>
  <ItemGroup>
    <ResourceCompile Include="OvGame.rc" />
  </ItemGroup>
</Project>