<?xml version="1.0" encoding="utf-8"?>
<Project ToolsVersion="4.0" xmlns="http://schemas.microsoft.com/developer/msbuild/2003">
  <ItemGroup>
    <Filter Include="Core">
      <UniqueIdentifier>{80B293BB-ECC8-9151-3540-1D73A19562D9}</UniqueIdentifier>
    </Filter>
    <Filter Include="Panels">
      <UniqueIdentifier>{7AE89D0C-E649-7B1A-6FB7-C1CCDB17B2D9}</UniqueIdentifier>
    </Filter>
    <Filter Include="Resources">
      <UniqueIdentifier>{92CCD255-7EC6-FBA7-6733-92B853CC6114}</UniqueIdentifier>
    </Filter>
    <Filter Include="Settings">
      <UniqueIdentifier>{481775B3-B483-30AE-7D77-C80BE9A25216}</UniqueIdentifier>
    </Filter>
    <Filter Include="Utils">
      <UniqueIdentifier>{8854522F-7438-1385-DD98-0DD8C99BFD06}</UniqueIdentifier>
    </Filter>
  </ItemGroup>
  <ItemGroup>
    <ClInclude Include="Core\Application.h">
      <Filter>Core</Filter>
    </ClInclude>
    <ClInclude Include="Core\CameraController.h">
      <Filter>Core</Filter>
    </ClInclude>
    <ClInclude Include="Core\Context.h">
      <Filter>Core</Filter>
    </ClInclude>
    <ClInclude Include="Core\Editor.h">
      <Filter>Core</Filter>
    </ClInclude>
    <ClInclude Include="Core\EditorActions.h">
      <Filter>Core</Filter>
    </ClInclude>
    <ClInclude Include="Core\EditorActions.inl">
      <Filter>Core</Filter>
    </ClInclude>
    <ClInclude Include="Core\EditorRenderer.h">
      <Filter>Core</Filter>
    </ClInclude>
    <ClInclude Include="Core\EditorResources.h">
      <Filter>Core</Filter>
    </ClInclude>
    <ClInclude Include="Core\GizmoBehaviour.h">
      <Filter>Core</Filter>
    </ClInclude>
    <ClInclude Include="Core\PanelsManager.h">
      <Filter>Core</Filter>
    </ClInclude>
    <ClInclude Include="Core\ProjectHub.h">
      <Filter>Core</Filter>
    </ClInclude>
    <ClInclude Include="Panels\AView.h">
      <Filter>Panels</Filter>
    </ClInclude>
    <ClInclude Include="Panels\AViewControllable.h">
      <Filter>Panels</Filter>
    </ClInclude>
    <ClInclude Include="Panels\AssetBrowser.h">
      <Filter>Panels</Filter>
    </ClInclude>
    <ClInclude Include="Panels\AssetProperties.h">
      <Filter>Panels</Filter>
    </ClInclude>
    <ClInclude Include="Panels\AssetView.h">
      <Filter>Panels</Filter>
    </ClInclude>
    <ClInclude Include="Panels\Console.h">
      <Filter>Panels</Filter>
    </ClInclude>
    <ClInclude Include="Panels\GameView.h">
      <Filter>Panels</Filter>
    </ClInclude>
    <ClInclude Include="Panels\HardwareInfo.h">
      <Filter>Panels</Filter>
    </ClInclude>
    <ClInclude Include="Panels\Hierarchy.h">
      <Filter>Panels</Filter>
    </ClInclude>
    <ClInclude Include="Panels\Inspector.h">
      <Filter>Panels</Filter>
    </ClInclude>
    <ClInclude Include="Panels\MaterialEditor.h">
      <Filter>Panels</Filter>
    </ClInclude>
    <ClInclude Include="Panels\MenuBar.h">
      <Filter>Panels</Filter>
    </ClInclude>
    <ClInclude Include="Panels\Profiler.h">
      <Filter>Panels</Filter>
    </ClInclude>
    <ClInclude Include="Panels\ProjectSettings.h">
      <Filter>Panels</Filter>
    </ClInclude>
    <ClInclude Include="Panels\SceneView.h">
      <Filter>Panels</Filter>
    </ClInclude>
    <ClInclude Include="Panels\Toolbar.h">
      <Filter>Panels</Filter>
    </ClInclude>
    <ClInclude Include="Resources\RawShaders.h">
      <Filter>Resources</Filter>
    </ClInclude>
    <ClInclude Include="Resources\RawTextures.h">
      <Filter>Resources</Filter>
    </ClInclude>
    <ClInclude Include="Settings\EditorSettings.h">
      <Filter>Settings</Filter>
    </ClInclude>
    <ClInclude Include="Utils\ActorCreationMenu.h">
      <Filter>Utils</Filter>
    </ClInclude>
    <ClInclude Include="resource.h" />
  </ItemGroup>
  <ItemGroup>
    <ClCompile Include="Core\Application.cpp">
      <Filter>Core</Filter>
    </ClCompile>
    <ClCompile Include="Core\CameraController.cpp">
      <Filter>Core</Filter>
    </ClCompile>
    <ClCompile Include="Core\Context.cpp">
      <Filter>Core</Filter>
    </ClCompile>
    <ClCompile Include="Core\Editor.cpp">
      <Filter>Core</Filter>
    </ClCompile>
    <ClCompile Include="Core\EditorActions.cpp">
      <Filter>Core</Filter>
    </ClCompile>
    <ClCompile Include="Core\EditorRenderer.cpp">
      <Filter>Core</Filter>
    </ClCompile>
    <ClCompile Include="Core\EditorResources.cpp">
      <Filter>Core</Filter>
    </ClCompile>
    <ClCompile Include="Core\GizmoBehaviour.cpp">
      <Filter>Core</Filter>
    </ClCompile>
    <ClCompile Include="Core\PanelsManager.cpp">
      <Filter>Core</Filter>
    </ClCompile>
    <ClCompile Include="Core\ProjectHub.cpp">
      <Filter>Core</Filter>
    </ClCompile>
    <ClCompile Include="Panels\AView.cpp">
      <Filter>Panels</Filter>
    </ClCompile>
    <ClCompile Include="Panels\AViewControllable.cpp">
      <Filter>Panels</Filter>
    </ClCompile>
    <ClCompile Include="Panels\AssetBrowser.cpp">
      <Filter>Panels</Filter>
    </ClCompile>
    <ClCompile Include="Panels\AssetProperties.cpp">
      <Filter>Panels</Filter>
    </ClCompile>
    <ClCompile Include="Panels\AssetView.cpp">
      <Filter>Panels</Filter>
    </ClCompile>
    <ClCompile Include="Panels\Console.cpp">
      <Filter>Panels</Filter>
    </ClCompile>
    <ClCompile Include="Panels\GameView.cpp">
      <Filter>Panels</Filter>
    </ClCompile>
    <ClCompile Include="Panels\HardwareInfo.cpp">
      <Filter>Panels</Filter>
    </ClCompile>
    <ClCompile Include="Panels\Hierarchy.cpp">
      <Filter>Panels</Filter>
    </ClCompile>
    <ClCompile Include="Panels\Inspector.cpp">
      <Filter>Panels</Filter>
    </ClCompile>
    <ClCompile Include="Panels\MaterialEditor.cpp">
      <Filter>Panels</Filter>
    </ClCompile>
    <ClCompile Include="Panels\MenuBar.cpp">
      <Filter>Panels</Filter>
    </ClCompile>
    <ClCompile Include="Panels\Profiler.cpp">
      <Filter>Panels</Filter>
    </ClCompile>
    <ClCompile Include="Panels\ProjectSettings.cpp">
      <Filter>Panels</Filter>
    </ClCompile>
    <ClCompile Include="Panels\SceneView.cpp">
      <Filter>Panels</Filter>
    </ClCompile>
    <ClCompile Include="Panels\Toolbar.cpp">
      <Filter>Panels</Filter>
    </ClCompile>
    <ClCompile Include="Resources\RawShaders.cpp">
      <Filter>Resources</Filter>
    </ClCompile>
    <ClCompile Include="Settings\EditorSettings.cpp">
      <Filter>Settings</Filter>
    </ClCompile>
    <ClCompile Include="Utils\ActorCreationMenu.cpp">
      <Filter>Utils</Filter>
    </ClCompile>
    <ClCompile Include="Main.cpp" />
  </ItemGroup>
  <ItemGroup>
    <ResourceCompile Include="Editor.rc" />
  </ItemGroup>
</Project>