<?xml version="1.0" encoding="utf-8"?>
<Project ToolsVersion="17.0" xmlns="http://schemas.microsoft.com/developer/msbuild/2003">
  <ItemGroup>
    <CustomBuild Include="I:\Projects\assimp-master\CMakeFiles\dd927b2d01b027b197d1cb797c6634ea\INSTALL_force.rule">
      <Filter>CMake Rules</Filter>
    </CustomBuild>
  </ItemGroup>
  <ItemGroup>
    <Filter Include="CMake Rules">
      <UniqueIdentifier>{77ADCDB3-8926-3616-981D-7F392CB88609}</UniqueIdentifier>
    </Filter>
  </ItemGroup>
</Project>
