<?xml version="1.0" encoding="utf-8"?>
<Project ToolsVersion="4.0" xmlns="http://schemas.microsoft.com/developer/msbuild/2003">
  <ItemGroup>
    <Filter Include="include">
      <UniqueIdentifier>{89AF369E-F58E-B539-FEA6-40106A051C9B}</UniqueIdentifier>
    </Filter>
    <Filter Include="include\OvPhysics">
      <UniqueIdentifier>{000184B8-6C17-824E-B58E-0D7021E452D6}</UniqueIdentifier>
    </Filter>
    <Filter Include="include\OvPhysics\Core">
      <UniqueIdentifier>{58C5A503-44BF-CE55-2D2C-656619C534C2}</UniqueIdentifier>
    </Filter>
    <Filter Include="include\OvPhysics\Entities">
      <UniqueIdentifier>{B439F6D1-A049-A2A2-0903-07C1F531913B}</UniqueIdentifier>
    </Filter>
    <Filter Include="include\OvPhysics\Settings">
      <UniqueIdentifier>{20D68409-0CE6-30DA-759F-95F861CE1F73}</UniqueIdentifier>
    </Filter>
    <Filter Include="include\OvPhysics\Tools">
      <UniqueIdentifier>{80059279-EC3C-DA10-F546-3E3461FD000A}</UniqueIdentifier>
    </Filter>
    <Filter Include="src">
      <UniqueIdentifier>{2DAB880B-99B4-887C-2230-9F7C8E38947C}</UniqueIdentifier>
    </Filter>
    <Filter Include="src\OvPhysics">
      <UniqueIdentifier>{A4D92F14-109A-AB4A-D9D4-F4C74554F026}</UniqueIdentifier>
    </Filter>
    <Filter Include="src\OvPhysics\Core">
      <UniqueIdentifier>{7CA406BB-6888-C710-D1E8-C163BDEBB192}</UniqueIdentifier>
    </Filter>
    <Filter Include="src\OvPhysics\Entities">
      <UniqueIdentifier>{D80A3AFF-C404-6351-AD71-F961990AC9BD}</UniqueIdentifier>
    </Filter>
    <Filter Include="src\OvPhysics\Tools">
      <UniqueIdentifier>{24C90E1D-902A-EC2A-1998-32DD85F822EA}</UniqueIdentifier>
    </Filter>
  </ItemGroup>
  <ItemGroup>
    <ClInclude Include="include\OvPhysics\Core\PhysicsEngine.h">
      <Filter>include\OvPhysics\Core</Filter>
    </ClInclude>
    <ClInclude Include="include\OvPhysics\Entities\PhysicalBox.h">
      <Filter>include\OvPhysics\Entities</Filter>
    </ClInclude>
    <ClInclude Include="include\OvPhysics\Entities\PhysicalCapsule.h">
      <Filter>include\OvPhysics\Entities</Filter>
    </ClInclude>
    <ClInclude Include="include\OvPhysics\Entities\PhysicalObject.h">
      <Filter>include\OvPhysics\Entities</Filter>
    </ClInclude>
    <ClInclude Include="include\OvPhysics\Entities\PhysicalSphere.h">
      <Filter>include\OvPhysics\Entities</Filter>
    </ClInclude>
    <ClInclude Include="include\OvPhysics\Entities\RaycastHit.h">
      <Filter>include\OvPhysics\Entities</Filter>
    </ClInclude>
    <ClInclude Include="include\OvPhysics\Settings\BodySettings.h">
      <Filter>include\OvPhysics\Settings</Filter>
    </ClInclude>
    <ClInclude Include="include\OvPhysics\Settings\PhysicsSettings.h">
      <Filter>include\OvPhysics\Settings</Filter>
    </ClInclude>
    <ClInclude Include="include\OvPhysics\Tools\Conversion.h">
      <Filter>include\OvPhysics\Tools</Filter>
    </ClInclude>
  </ItemGroup>
  <ItemGroup>
    <ClCompile Include="src\OvPhysics\Core\PhysicsEngine.cpp">
      <Filter>src\OvPhysics\Core</Filter>
    </ClCompile>
    <ClCompile Include="src\OvPhysics\Entities\PhysicalBox.cpp">
      <Filter>src\OvPhysics\Entities</Filter>
    </ClCompile>
    <ClCompile Include="src\OvPhysics\Entities\PhysicalCapsule.cpp">
      <Filter>src\OvPhysics\Entities</Filter>
    </ClCompile>
    <ClCompile Include="src\OvPhysics\Entities\PhysicalObject.cpp">
      <Filter>src\OvPhysics\Entities</Filter>
    </ClCompile>
    <ClCompile Include="src\OvPhysics\Entities\PhysicalSphere.cpp">
      <Filter>src\OvPhysics\Entities</Filter>
    </ClCompile>
    <ClCompile Include="src\OvPhysics\Tools\Conversion.cpp">
      <Filter>src\OvPhysics\Tools</Filter>
    </ClCompile>
  </ItemGroup>
</Project>