<?xml version="1.0" encoding="utf-8"?>
<Project ToolsVersion="4.0" xmlns="http://schemas.microsoft.com/developer/msbuild/2003">
  <ItemGroup>
    <Filter Include="include">
      <UniqueIdentifier>{89AF369E-F58E-B539-FEA6-40106A051C9B}</UniqueIdentifier>
    </Filter>
    <Filter Include="include\OvAudio">
      <UniqueIdentifier>{0FD07715-7B5B-E5D9-846C-68CEF07641DA}</UniqueIdentifier>
    </Filter>
    <Filter Include="include\OvAudio\Core">
      <UniqueIdentifier>{C755506F-B3E4-D938-5C03-EE334871EADE}</UniqueIdentifier>
    </Filter>
    <Filter Include="include\OvAudio\Entities">
      <UniqueIdentifier>{A3694138-8F8E-90B8-B8D9-7548A45D8FD6}</UniqueIdentifier>
    </Filter>
    <Filter Include="include\OvAudio\Resources">
      <UniqueIdentifier>{39948B9D-A556-BF27-EE06-4EB45A089805}</UniqueIdentifier>
    </Filter>
    <Filter Include="include\OvAudio\Resources\Loaders">
      <UniqueIdentifier>{3255F51D-9EC3-4A9D-E7AC-059D535A4039}</UniqueIdentifier>
    </Filter>
    <Filter Include="include\OvAudio\Tracking">
      <UniqueIdentifier>{91504217-7D75-9197-A6C0-7627924490B5}</UniqueIdentifier>
    </Filter>
    <Filter Include="src">
      <UniqueIdentifier>{2DAB880B-99B4-887C-2230-9F7C8E38947C}</UniqueIdentifier>
    </Filter>
    <Filter Include="src\OvAudio">
      <UniqueIdentifier>{B32F4DE6-1FE5-C5DB-A8D9-BFB2148EBCDF}</UniqueIdentifier>
    </Filter>
    <Filter Include="src\OvAudio\Core">
      <UniqueIdentifier>{EB1BE725-D714-0678-0047-EBFCEC9EE583}</UniqueIdentifier>
    </Filter>
    <Filter Include="src\OvAudio\Entities">
      <UniqueIdentifier>{C7A1564B-B330-E014-5C4F-F40F48BDF0BA}</UniqueIdentifier>
    </Filter>
    <Filter Include="src\OvAudio\Resources">
      <UniqueIdentifier>{DDD04713-493D-030E-1231-9B6B7E5C2576}</UniqueIdentifier>
    </Filter>
    <Filter Include="src\OvAudio\Resources\Loaders">
      <UniqueIdentifier>{D6F5E559-420E-CD83-0BBB-5C1D7792611D}</UniqueIdentifier>
    </Filter>
    <Filter Include="src\OvAudio\Tracking">
      <UniqueIdentifier>{B588572A-A117-E1F3-4A36-F5EE36A4F199}</UniqueIdentifier>
    </Filter>
  </ItemGroup>
  <ItemGroup>
    <ClInclude Include="include\OvAudio\Core\AudioEngine.h">
      <Filter>include\OvAudio\Core</Filter>
    </ClInclude>
    <ClInclude Include="include\OvAudio\Core\AudioPlayer.h">
      <Filter>include\OvAudio\Core</Filter>
    </ClInclude>
    <ClInclude Include="include\OvAudio\Entities\AudioListener.h">
      <Filter>include\OvAudio\Entities</Filter>
    </ClInclude>
    <ClInclude Include="include\OvAudio\Entities\AudioSource.h">
      <Filter>include\OvAudio\Entities</Filter>
    </ClInclude>
    <ClInclude Include="include\OvAudio\Resources\Loaders\SoundLoader.h">
      <Filter>include\OvAudio\Resources\Loaders</Filter>
    </ClInclude>
    <ClInclude Include="include\OvAudio\Resources\Sound.h">
      <Filter>include\OvAudio\Resources</Filter>
    </ClInclude>
    <ClInclude Include="include\OvAudio\Tracking\SoundStopEventBinder.h">
      <Filter>include\OvAudio\Tracking</Filter>
    </ClInclude>
    <ClInclude Include="include\OvAudio\Tracking\SoundTracker.h">
      <Filter>include\OvAudio\Tracking</Filter>
    </ClInclude>
  </ItemGroup>
  <ItemGroup>
    <ClCompile Include="src\OvAudio\Core\AudioEngine.cpp">
      <Filter>src\OvAudio\Core</Filter>
    </ClCompile>
    <ClCompile Include="src\OvAudio\Core\AudioPlayer.cpp">
      <Filter>src\OvAudio\Core</Filter>
    </ClCompile>
    <ClCompile Include="src\OvAudio\Entities\AudioListener.cpp">
      <Filter>src\OvAudio\Entities</Filter>
    </ClCompile>
    <ClCompile Include="src\OvAudio\Entities\AudioSource.cpp">
      <Filter>src\OvAudio\Entities</Filter>
    </ClCompile>
    <ClCompile Include="src\OvAudio\Resources\Loaders\SoundLoader.cpp">
      <Filter>src\OvAudio\Resources\Loaders</Filter>
    </ClCompile>
    <ClCompile Include="src\OvAudio\Resources\Sound.cpp">
      <Filter>src\OvAudio\Resources</Filter>
    </ClCompile>
    <ClCompile Include="src\OvAudio\Tracking\SoundStopEventBinder.cpp">
      <Filter>src\OvAudio\Tracking</Filter>
    </ClCompile>
    <ClCompile Include="src\OvAudio\Tracking\SoundTracker.cpp">
      <Filter>src\OvAudio\Tracking</Filter>
    </ClCompile>
  </ItemGroup>
</Project>