<?xml version="1.0" encoding="utf-8"?>
<Project ToolsVersion="4.0" xmlns="http://schemas.microsoft.com/developer/msbuild/2003">
  <ItemGroup>
    <Filter Include="include">
      <UniqueIdentifier>{89AF369E-F58E-B539-FEA6-40106A051C9B}</UniqueIdentifier>
    </Filter>
    <Filter Include="include\OvGame">
      <UniqueIdentifier>{F751EF17-E31F-E31D-CCB3-5344B820BF82}</UniqueIdentifier>
    </Filter>
    <Filter Include="include\OvGame\Core">
      <UniqueIdentifier>{AF48CD9A-1BAA-AAA8-A417-F15A1078E167}</UniqueIdentifier>
    </Filter>
    <Filter Include="include\OvGame\Debug">
      <UniqueIdentifier>{ADB982F4-9948-0CBE-4267-20B92ED51C64}</UniqueIdentifier>
    </Filter>
    <Filter Include="include\OvGame\Utils">
      <UniqueIdentifier>{97B0BEF5-833F-48BF-2C5E-5CBA18CC5865}</UniqueIdentifier>
    </Filter>
    <Filter Include="src">
      <UniqueIdentifier>{2DAB880B-99B4-887C-2230-9F7C8E38947C}</UniqueIdentifier>
    </Filter>
    <Filter Include="src\OvGame">
      <UniqueIdentifier>{1B4D0526-0705-4773-700C-20CF5CE3E163}</UniqueIdentifier>
    </Filter>
    <Filter Include="src\OvGame\Core">
      <UniqueIdentifier>{53DAD190-BF65-3F55-C876-C24934819B55}</UniqueIdentifier>
    </Filter>
    <Filter Include="src\OvGame\Debug">
      <UniqueIdentifier>{D17F19AB-BD78-38FD-E6AA-1D82D2021809}</UniqueIdentifier>
    </Filter>
    <Filter Include="src\OvGame\Utils">
      <UniqueIdentifier>{BB7655AC-A76F-74FE-D0A1-5983BCF9530A}</UniqueIdentifier>
    </Filter>
  </ItemGroup>
  <ItemGroup>
    <ClInclude Include="include\OvGame\Core\Application.h">
      <Filter>include\OvGame\Core</Filter>
    </ClInclude>
    <ClInclude Include="include\OvGame\Core\Context.h">
      <Filter>include\OvGame\Core</Filter>
    </ClInclude>
    <ClInclude Include="include\OvGame\Core\Game.h">
      <Filter>include\OvGame\Core</Filter>
    </ClInclude>
    <ClInclude Include="include\OvGame\Core\GameRenderer.h">
      <Filter>include\OvGame\Core</Filter>
    </ClInclude>
    <ClInclude Include="include\OvGame\Debug\DriverInfo.h">
      <Filter>include\OvGame\Debug</Filter>
    </ClInclude>
    <ClInclude Include="include\OvGame\Debug\FrameInfo.h">
      <Filter>include\OvGame\Debug</Filter>
    </ClInclude>
    <ClInclude Include="include\OvGame\Debug\GameProfiler.h">
      <Filter>include\OvGame\Debug</Filter>
    </ClInclude>
    <ClInclude Include="include\OvGame\Utils\FPSCounter.h">
      <Filter>include\OvGame\Utils</Filter>
    </ClInclude>
    <ClInclude Include="resource.h" />
  </ItemGroup>
  <ItemGroup>
    <ClCompile Include="src\OvGame\Core\Application.cpp">
      <Filter>src\OvGame\Core</Filter>
    </ClCompile>
    <ClCompile Include="src\OvGame\Core\Context.cpp">
      <Filter>src\OvGame\Core</Filter>
    </ClCompile>
    <ClCompile Include="src\OvGame\Core\Game.cpp">
      <Filter>src\OvGame\Core</Filter>
    </ClCompile>
    <ClCompile Include="src\OvGame\Core\GameRenderer.cpp">
      <Filter>src\OvGame\Core</Filter>
    </ClCompile>
    <ClCompile Include="src\OvGame\Debug\DriverInfo.cpp">
      <Filter>src\OvGame\Debug</Filter>
    </ClCompile>
    <ClCompile Include="src\OvGame\Debug\FrameInfo.cpp">
      <Filter>src\OvGame\Debug</Filter>
    </ClCompile>
    <ClCompile Include="src\OvGame\Debug\GameProfiler.cpp">
      <Filter>src\OvGame\Debug</Filter>
    </ClCompile>
    <ClCompile Include="src\OvGame\Main.cpp">
      <Filter>src\OvGame</Filter>
    </ClCompile>
    <ClCompile Include="src\OvGame\Utils\FPSCounter.cpp">
      <Filter>src\OvGame\Utils</Filter>
    </ClCompile>
  </ItemGroup>
  <ItemGroup>
    <ResourceCompile Include="OvGame.rc" />
  </ItemGroup>
</Project>