<?xml version="1.0" encoding="utf-8"?>
<Project ToolsVersion="4.0" xmlns="http://schemas.microsoft.com/developer/msbuild/2003">
  <ItemGroup>
    <Filter Include="include">
      <UniqueIdentifier>{89AF369E-F58E-B539-FEA6-40106A051C9B}</UniqueIdentifier>
    </Filter>
    <Filter Include="include\OvEditor">
      <UniqueIdentifier>{04C195CC-F0B9-B41E-19EC-99A30544942A}</UniqueIdentifier>
    </Filter>
    <Filter Include="include\OvEditor\Core">
      <UniqueIdentifier>{DC272432-4894-DF2C-1188-778A7DB30195}</UniqueIdentifier>
    </Filter>
    <Filter Include="include\OvEditor\Panels">
      <UniqueIdentifier>{D6242169-425C-6900-4B66-CD23B71C90F9}</UniqueIdentifier>
    </Filter>
    <Filter Include="include\OvEditor\Resources">
      <UniqueIdentifier>{6EFB8E28-5A0B-3BF9-C3C4-9F17AFF32992}</UniqueIdentifier>
    </Filter>
    <Filter Include="include\OvEditor\Settings">
      <UniqueIdentifier>{A4DAB83D-109D-ECC7-594D-7B54C54EC5A5}</UniqueIdentifier>
    </Filter>
    <Filter Include="include\OvEditor\Utils">
      <UniqueIdentifier>{6475F177-506F-1ACA-39DC-B0DA25758036}</UniqueIdentifier>
    </Filter>
    <Filter Include="src">
      <UniqueIdentifier>{2DAB880B-99B4-887C-2230-9F7C8E38947C}</UniqueIdentifier>
    </Filter>
    <Filter Include="src\OvEditor">
      <UniqueIdentifier>{281517B8-1478-A65C-BDFD-DE12A93F72DF}</UniqueIdentifier>
    </Filter>
    <Filter Include="src\OvEditor\Core">
      <UniqueIdentifier>{80B293BB-ECC8-9151-3540-1D73A19562D9}</UniqueIdentifier>
    </Filter>
    <Filter Include="src\OvEditor\Panels">
      <UniqueIdentifier>{7AE89D0C-E649-7B1A-6FB7-C1CCDB17B2D9}</UniqueIdentifier>
    </Filter>
    <Filter Include="src\OvEditor\Resources">
      <UniqueIdentifier>{92CCD255-7EC6-FBA7-6733-92B853CC6114}</UniqueIdentifier>
    </Filter>
    <Filter Include="src\OvEditor\Settings">
      <UniqueIdentifier>{481775B3-B483-30AE-7D77-C80BE9A25216}</UniqueIdentifier>
    </Filter>
    <Filter Include="src\OvEditor\Utils">
      <UniqueIdentifier>{8854522F-7438-1385-DD98-0DD8C99BFD06}</UniqueIdentifier>
    </Filter>
  </ItemGroup>
  <ItemGroup>
    <ClInclude Include="include\OvEditor\Core\Application.h">
      <Filter>include\OvEditor\Core</Filter>
    </ClInclude>
    <ClInclude Include="include\OvEditor\Core\CameraController.h">
      <Filter>include\OvEditor\Core</Filter>
    </ClInclude>
    <ClInclude Include="include\OvEditor\Core\Context.h">
      <Filter>include\OvEditor\Core</Filter>
    </ClInclude>
    <ClInclude Include="include\OvEditor\Core\Editor.h">
      <Filter>include\OvEditor\Core</Filter>
    </ClInclude>
    <ClInclude Include="include\OvEditor\Core\EditorActions.h">
      <Filter>include\OvEditor\Core</Filter>
    </ClInclude>
    <ClInclude Include="include\OvEditor\Core\EditorActions.inl">
      <Filter>include\OvEditor\Core</Filter>
    </ClInclude>
    <ClInclude Include="include\OvEditor\Core\EditorRenderer.h">
      <Filter>include\OvEditor\Core</Filter>
    </ClInclude>
    <ClInclude Include="include\OvEditor\Core\EditorResources.h">
      <Filter>include\OvEditor\Core</Filter>
    </ClInclude>
    <ClInclude Include="include\OvEditor\Core\GizmoBehaviour.h">
      <Filter>include\OvEditor\Core</Filter>
    </ClInclude>
    <ClInclude Include="include\OvEditor\Core\PanelsManager.h">
      <Filter>include\OvEditor\Core</Filter>
    </ClInclude>
    <ClInclude Include="include\OvEditor\Core\ProjectHub.h">
      <Filter>include\OvEditor\Core</Filter>
    </ClInclude>
    <ClInclude Include="include\OvEditor\Panels\AView.h">
      <Filter>include\OvEditor\Panels</Filter>
    </ClInclude>
    <ClInclude Include="include\OvEditor\Panels\AViewControllable.h">
      <Filter>include\OvEditor\Panels</Filter>
    </ClInclude>
    <ClInclude Include="include\OvEditor\Panels\AssetBrowser.h">
      <Filter>include\OvEditor\Panels</Filter>
    </ClInclude>
    <ClInclude Include="include\OvEditor\Panels\AssetProperties.h">
      <Filter>include\OvEditor\Panels</Filter>
    </ClInclude>
    <ClInclude Include="include\OvEditor\Panels\AssetView.h">
      <Filter>include\OvEditor\Panels</Filter>
    </ClInclude>
    <ClInclude Include="include\OvEditor\Panels\Console.h">
      <Filter>include\OvEditor\Panels</Filter>
    </ClInclude>
    <ClInclude Include="include\OvEditor\Panels\GameView.h">
      <Filter>include\OvEditor\Panels</Filter>
    </ClInclude>
    <ClInclude Include="include\OvEditor\Panels\HardwareInfo.h">
      <Filter>include\OvEditor\Panels</Filter>
    </ClInclude>
    <ClInclude Include="include\OvEditor\Panels\Hierarchy.h">
      <Filter>include\OvEditor\Panels</Filter>
    </ClInclude>
    <ClInclude Include="include\OvEditor\Panels\Inspector.h">
      <Filter>include\OvEditor\Panels</Filter>
    </ClInclude>
    <ClInclude Include="include\OvEditor\Panels\MaterialEditor.h">
      <Filter>include\OvEditor\Panels</Filter>
    </ClInclude>
    <ClInclude Include="include\OvEditor\Panels\MenuBar.h">
      <Filter>include\OvEditor\Panels</Filter>
    </ClInclude>
    <ClInclude Include="include\OvEditor\Panels\Profiler.h">
      <Filter>include\OvEditor\Panels</Filter>
    </ClInclude>
    <ClInclude Include="include\OvEditor\Panels\ProjectSettings.h">
      <Filter>include\OvEditor\Panels</Filter>
    </ClInclude>
    <ClInclude Include="include\OvEditor\Panels\SceneView.h">
      <Filter>include\OvEditor\Panels</Filter>
    </ClInclude>
    <ClInclude Include="include\OvEditor\Panels\Toolbar.h">
      <Filter>include\OvEditor\Panels</Filter>
    </ClInclude>
    <ClInclude Include="include\OvEditor\Resources\RawShaders.h">
      <Filter>include\OvEditor\Resources</Filter>
    </ClInclude>
    <ClInclude Include="include\OvEditor\Resources\RawTextures.h">
      <Filter>include\OvEditor\Resources</Filter>
    </ClInclude>
    <ClInclude Include="include\OvEditor\Settings\EditorSettings.h">
      <Filter>include\OvEditor\Settings</Filter>
    </ClInclude>
    <ClInclude Include="include\OvEditor\Utils\ActorCreationMenu.h">
      <Filter>include\OvEditor\Utils</Filter>
    </ClInclude>
    <ClInclude Include="resource.h" />
  </ItemGroup>
  <ItemGroup>
    <ClCompile Include="src\OvEditor\Core\Application.cpp">
      <Filter>src\OvEditor\Core</Filter>
    </ClCompile>
    <ClCompile Include="src\OvEditor\Core\CameraController.cpp">
      <Filter>src\OvEditor\Core</Filter>
    </ClCompile>
    <ClCompile Include="src\OvEditor\Core\Context.cpp">
      <Filter>src\OvEditor\Core</Filter>
    </ClCompile>
    <ClCompile Include="src\OvEditor\Core\Editor.cpp">
      <Filter>src\OvEditor\Core</Filter>
    </ClCompile>
    <ClCompile Include="src\OvEditor\Core\EditorActions.cpp">
      <Filter>src\OvEditor\Core</Filter>
    </ClCompile>
    <ClCompile Include="src\OvEditor\Core\EditorRenderer.cpp">
      <Filter>src\OvEditor\Core</Filter>
    </ClCompile>
    <ClCompile Include="src\OvEditor\Core\EditorResources.cpp">
      <Filter>src\OvEditor\Core</Filter>
    </ClCompile>
    <ClCompile Include="src\OvEditor\Core\GizmoBehaviour.cpp">
      <Filter>src\OvEditor\Core</Filter>
    </ClCompile>
    <ClCompile Include="src\OvEditor\Core\PanelsManager.cpp">
      <Filter>src\OvEditor\Core</Filter>
    </ClCompile>
    <ClCompile Include="src\OvEditor\Core\ProjectHub.cpp">
      <Filter>src\OvEditor\Core</Filter>
    </ClCompile>
    <ClCompile Include="src\OvEditor\Main.cpp">
      <Filter>src\OvEditor</Filter>
    </ClCompile>
    <ClCompile Include="src\OvEditor\Panels\AView.cpp">
      <Filter>src\OvEditor\Panels</Filter>
    </ClCompile>
    <ClCompile Include="src\OvEditor\Panels\AViewControllable.cpp">
      <Filter>src\OvEditor\Panels</Filter>
    </ClCompile>
    <ClCompile Include="src\OvEditor\Panels\AssetBrowser.cpp">
      <Filter>src\OvEditor\Panels</Filter>
    </ClCompile>
    <ClCompile Include="src\OvEditor\Panels\AssetProperties.cpp">
      <Filter>src\OvEditor\Panels</Filter>
    </ClCompile>
    <ClCompile Include="src\OvEditor\Panels\AssetView.cpp">
      <Filter>src\OvEditor\Panels</Filter>
    </ClCompile>
    <ClCompile Include="src\OvEditor\Panels\Console.cpp">
      <Filter>src\OvEditor\Panels</Filter>
    </ClCompile>
    <ClCompile Include="src\OvEditor\Panels\GameView.cpp">
      <Filter>src\OvEditor\Panels</Filter>
    </ClCompile>
    <ClCompile Include="src\OvEditor\Panels\HardwareInfo.cpp">
      <Filter>src\OvEditor\Panels</Filter>
    </ClCompile>
    <ClCompile Include="src\OvEditor\Panels\Hierarchy.cpp">
      <Filter>src\OvEditor\Panels</Filter>
    </ClCompile>
    <ClCompile Include="src\OvEditor\Panels\Inspector.cpp">
      <Filter>src\OvEditor\Panels</Filter>
    </ClCompile>
    <ClCompile Include="src\OvEditor\Panels\MaterialEditor.cpp">
      <Filter>src\OvEditor\Panels</Filter>
    </ClCompile>
    <ClCompile Include="src\OvEditor\Panels\MenuBar.cpp">
      <Filter>src\OvEditor\Panels</Filter>
    </ClCompile>
    <ClCompile Include="src\OvEditor\Panels\Profiler.cpp">
      <Filter>src\OvEditor\Panels</Filter>
    </ClCompile>
    <ClCompile Include="src\OvEditor\Panels\ProjectSettings.cpp">
      <Filter>src\OvEditor\Panels</Filter>
    </ClCompile>
    <ClCompile Include="src\OvEditor\Panels\SceneView.cpp">
      <Filter>src\OvEditor\Panels</Filter>
    </ClCompile>
    <ClCompile Include="src\OvEditor\Panels\Toolbar.cpp">
      <Filter>src\OvEditor\Panels</Filter>
    </ClCompile>
    <ClCompile Include="src\OvEditor\Resources\RawShaders.cpp">
      <Filter>src\OvEditor\Resources</Filter>
    </ClCompile>
    <ClCompile Include="src\OvEditor\Settings\EditorSettings.cpp">
      <Filter>src\OvEditor\Settings</Filter>
    </ClCompile>
    <ClCompile Include="src\OvEditor\Utils\ActorCreationMenu.cpp">
      <Filter>src\OvEditor\Utils</Filter>
    </ClCompile>
  </ItemGroup>
  <ItemGroup>
    <ResourceCompile Include="OvEditor.rc" />
  </ItemGroup>
</Project>