<?xml version="1.0" encoding="utf-8"?>
<Project ToolsVersion="4.0" xmlns="http://schemas.microsoft.com/developer/msbuild/2003">
  <ItemGroup>
    <Filter Include="include">
      <UniqueIdentifier>{89AF369E-F58E-B539-FEA6-40106A051C9B}</UniqueIdentifier>
    </Filter>
    <Filter Include="include\OvDebug">
      <UniqueIdentifier>{844CA515-F0D7-12DA-F9E8-95CE65F36EDA}</UniqueIdentifier>
    </Filter>
    <Filter Include="src">
      <UniqueIdentifier>{2DAB880B-99B4-887C-2230-9F7C8E38947C}</UniqueIdentifier>
    </Filter>
    <Filter Include="src\OvDebug">
      <UniqueIdentifier>{28AC7AE6-9461-F3DB-1D56-EDB2890AEADF}</UniqueIdentifier>
    </Filter>
  </ItemGroup>
  <ItemGroup>
    <ClInclude Include="include\OvDebug\Assertion.h">
      <Filter>include\OvDebug</Filter>
    </ClInclude>
    <ClInclude Include="include\OvDebug\ConsoleColor.h">
      <Filter>include\OvDebug</Filter>
    </ClInclude>
    <ClInclude Include="include\OvDebug\ConsoleHandler.h">
      <Filter>include\OvDebug</Filter>
    </ClInclude>
    <ClInclude Include="include\OvDebug\FileHandler.h">
      <Filter>include\OvDebug</Filter>
    </ClInclude>
    <ClInclude Include="include\OvDebug\HistoryHandler.h">
      <Filter>include\OvDebug</Filter>
    </ClInclude>
    <ClInclude Include="include\OvDebug\ILogHandler.h">
      <Filter>include\OvDebug</Filter>
    </ClInclude>
    <ClInclude Include="include\OvDebug\Logger.h">
      <Filter>include\OvDebug</Filter>
    </ClInclude>
    <ClInclude Include="include\OvDebug\Logger.inl">
      <Filter>include\OvDebug</Filter>
    </ClInclude>
  </ItemGroup>
  <ItemGroup>
    <ClCompile Include="src\OvDebug\Assertion.cpp">
      <Filter>src\OvDebug</Filter>
    </ClCompile>
    <ClCompile Include="src\OvDebug\ConsoleHandler.cpp">
      <Filter>src\OvDebug</Filter>
    </ClCompile>
    <ClCompile Include="src\OvDebug\FileHandler.cpp">
      <Filter>src\OvDebug</Filter>
    </ClCompile>
    <ClCompile Include="src\OvDebug\HistoryHandler.cpp">
      <Filter>src\OvDebug</Filter>
    </ClCompile>
    <ClCompile Include="src\OvDebug\Logger.cpp">
      <Filter>src\OvDebug</Filter>
    </ClCompile>
  </ItemGroup>
</Project>