<?xml version="1.0" encoding="utf-8"?>
<Project ToolsVersion="4.0" xmlns="http://schemas.microsoft.com/developer/msbuild/2003">
  <ItemGroup>
    <Filter Include="include">
      <UniqueIdentifier>{89AF369E-F58E-B539-FEA6-40106A051C9B}</UniqueIdentifier>
    </Filter>
    <Filter Include="include\OvWindowing">
      <UniqueIdentifier>{D39DEA93-3FFF-C7A1-C86C-0E5434CDFE60}</UniqueIdentifier>
    </Filter>
    <Filter Include="include\OvWindowing\Context">
      <UniqueIdentifier>{673B51C2-D348-7FA8-5C2F-7B93C83B4B5F}</UniqueIdentifier>
    </Filter>
    <Filter Include="include\OvWindowing\Cursor">
      <UniqueIdentifier>{20EA3AA9-0CFA-E679-75B3-4B9861E2D512}</UniqueIdentifier>
    </Filter>
    <Filter Include="include\OvWindowing\Dialogs">
      <UniqueIdentifier>{250B5D00-9118-8BE6-1AFF-86D1860B579D}</UniqueIdentifier>
    </Filter>
    <Filter Include="include\OvWindowing\Inputs">
      <UniqueIdentifier>{C522BAB6-B132-6687-1AEC-CAA5061B5520}</UniqueIdentifier>
    </Filter>
    <Filter Include="include\OvWindowing\Settings">
      <UniqueIdentifier>{5390D0DC-3F4B-C088-E802-39D3D49C0A19}</UniqueIdentifier>
    </Filter>
    <Filter Include="src">
      <UniqueIdentifier>{2DAB880B-99B4-887C-2230-9F7C8E38947C}</UniqueIdentifier>
    </Filter>
    <Filter Include="src\OvWindowing">
      <UniqueIdentifier>{772FEF89-E3BA-5C4E-ECCB-DF4258D6B84E}</UniqueIdentifier>
    </Filter>
    <Filter Include="src\OvWindowing\Context">
      <UniqueIdentifier>{0B310F98-7768-572F-8072-BB52EC287E28}</UniqueIdentifier>
    </Filter>
    <Filter Include="src\OvWindowing\Dialogs">
      <UniqueIdentifier>{C9001BD6-3538-636D-3E42-C790AAF88966}</UniqueIdentifier>
    </Filter>
    <Filter Include="src\OvWindowing\Inputs">
      <UniqueIdentifier>{E9F3FDE3-D5ED-2636-BE5A-BD46AAF38CA2}</UniqueIdentifier>
    </Filter>
  </ItemGroup>
  <ItemGroup>
    <ClInclude Include="include\OvWindowing\Context\Device.h">
      <Filter>include\OvWindowing\Context</Filter>
    </ClInclude>
    <ClInclude Include="include\OvWindowing\Context\EDeviceError.h">
      <Filter>include\OvWindowing\Context</Filter>
    </ClInclude>
    <ClInclude Include="include\OvWindowing\Cursor\ECursorMode.h">
      <Filter>include\OvWindowing\Cursor</Filter>
    </ClInclude>
    <ClInclude Include="include\OvWindowing\Cursor\ECursorShape.h">
      <Filter>include\OvWindowing\Cursor</Filter>
    </ClInclude>
    <ClInclude Include="include\OvWindowing\Dialogs\FileDialog.h">
      <Filter>include\OvWindowing\Dialogs</Filter>
    </ClInclude>
    <ClInclude Include="include\OvWindowing\Dialogs\MessageBox.h">
      <Filter>include\OvWindowing\Dialogs</Filter>
    </ClInclude>
    <ClInclude Include="include\OvWindowing\Dialogs\OpenFileDialog.h">
      <Filter>include\OvWindowing\Dialogs</Filter>
    </ClInclude>
    <ClInclude Include="include\OvWindowing\Dialogs\SaveFileDialog.h">
      <Filter>include\OvWindowing\Dialogs</Filter>
    </ClInclude>
    <ClInclude Include="include\OvWindowing\Inputs\EKey.h">
      <Filter>include\OvWindowing\Inputs</Filter>
    </ClInclude>
    <ClInclude Include="include\OvWindowing\Inputs\EKeyState.h">
      <Filter>include\OvWindowing\Inputs</Filter>
    </ClInclude>
    <ClInclude Include="include\OvWindowing\Inputs\EMouseButton.h">
      <Filter>include\OvWindowing\Inputs</Filter>
    </ClInclude>
    <ClInclude Include="include\OvWindowing\Inputs\EMouseButtonState.h">
      <Filter>include\OvWindowing\Inputs</Filter>
    </ClInclude>
    <ClInclude Include="include\OvWindowing\Inputs\InputManager.h">
      <Filter>include\OvWindowing\Inputs</Filter>
    </ClInclude>
    <ClInclude Include="include\OvWindowing\Settings\DeviceSettings.h">
      <Filter>include\OvWindowing\Settings</Filter>
    </ClInclude>
    <ClInclude Include="include\OvWindowing\Settings\WindowSettings.h">
      <Filter>include\OvWindowing\Settings</Filter>
    </ClInclude>
    <ClInclude Include="include\OvWindowing\Window.h">
      <Filter>include\OvWindowing</Filter>
    </ClInclude>
  </ItemGroup>
  <ItemGroup>
    <ClCompile Include="src\OvWindowing\Context\Device.cpp">
      <Filter>src\OvWindowing\Context</Filter>
    </ClCompile>
    <ClCompile Include="src\OvWindowing\Dialogs\FileDialog.cpp">
      <Filter>src\OvWindowing\Dialogs</Filter>
    </ClCompile>
    <ClCompile Include="src\OvWindowing\Dialogs\MessageBox.cpp">
      <Filter>src\OvWindowing\Dialogs</Filter>
    </ClCompile>
    <ClCompile Include="src\OvWindowing\Dialogs\OpenFileDialog.cpp">
      <Filter>src\OvWindowing\Dialogs</Filter>
    </ClCompile>
    <ClCompile Include="src\OvWindowing\Dialogs\SaveFileDialog.cpp">
      <Filter>src\OvWindowing\Dialogs</Filter>
    </ClCompile>
    <ClCompile Include="src\OvWindowing\Inputs\InputManager.cpp">
      <Filter>src\OvWindowing\Inputs</Filter>
    </ClCompile>
    <ClCompile Include="src\OvWindowing\Window.cpp">
      <Filter>src\OvWindowing</Filter>
    </ClCompile>
  </ItemGroup>
</Project>